{
  "version": "5",
  "specifiers": {
    "jsr:@cspotcode/outdent@0.8": "0.8.0"
  },
  "jsr": {
    "@cspotcode/outdent@0.8.0": {
      "integrity": "bbb3dea1443b4191a091644dfeaf3f182cca83e9003d211c50786c21792695f6"
    }
  },
  "workspace": {
    "dependencies": [
      "jsr:@cspotcode/outdent@0.8"
    ]
  }
}
